
Microsoft Visual Studio Solution File, Format Version 12.00
# Visual Studio Version 17
VisualStudioVersion = 17.5.33516.290
MinimumVisualStudioVersion = 10.0.40219.1
Project("{9A19103F-16F7-4668-BE54-9A1E7A4F7556}") = "MyNoSqlRepositories", "MyNoSqlRepositories.csproj", "{637EF484-80DF-472F-B4A9-1A777322894D}"
EndProject
Global
	GlobalSection(SolutionConfigurationPlatforms) = preSolution
		Debug|Any CPU = Debug|Any CPU
		Release|Any CPU = Release|Any CPU
	EndGlobalSection
	GlobalSection(ProjectConfigurationPlatforms) = postSolution
		{637EF484-80DF-472F-B4A9-1A777322894D}.Debug|Any CPU.ActiveCfg = Debug|Any CPU
		{637EF484-80DF-472F-B4A9-1A777322894D}.Debug|Any CPU.Build.0 = Debug|Any CPU
		{637EF484-80DF-472F-B4A9-1A777322894D}.Release|Any CPU.ActiveCfg = Release|Any CPU
		{637EF484-80DF-472F-B4A9-1A777322894D}.Release|Any CPU.Build.0 = Release|Any CPU
	EndGlobalSection
	GlobalSection(SolutionProperties) = preSolution
		HideSolutionNode = FALSE
	EndGlobalSection
	GlobalSection(ExtensibilityGlobals) = postSolution
		SolutionGuid = {27C64054-ED8D-40AC-83D2-5372742424C0}
	EndGlobalSection
EndGlobal
