
Microsoft Visual Studio Solution File, Format Version 12.00
Project("{FAE04EC0-301F-11D3-BF4B-00C04F79EFBC}") = "SimpleTrading.MyNoSqlRepositories", "SimpleTrading.MyNoSqlRepositories\SimpleTrading.MyNoSqlRepositories.csproj", "{815DDF26-D030-4FBE-BB77-0E27794A7BB6}"
EndProject
Project("{FAE04EC0-301F-11D3-BF4B-00C04F79EFBC}") = "SimpleTrading.MyNoSql.Console", "SimpleTrading.MyNoSql.Console\SimpleTrading.MyNoSql.Console.csproj", "{E930F247-6267-4AD0-9D19-B34F5F53635C}"
EndProject
Global
	GlobalSection(SolutionConfigurationPlatforms) = preSolution
		Debug|Any CPU = Debug|Any CPU
		Release|Any CPU = Release|Any CPU
	EndGlobalSection
	GlobalSection(ProjectConfigurationPlatforms) = postSolution
		{815DDF26-D030-4FBE-BB77-0E27794A7BB6}.Debug|Any CPU.ActiveCfg = Debug|Any CPU
		{815DDF26-D030-4FBE-BB77-0E27794A7BB6}.Debug|Any CPU.Build.0 = Debug|Any CPU
		{815DDF26-D030-4FBE-BB77-0E27794A7BB6}.Release|Any CPU.ActiveCfg = Release|Any CPU
		{815DDF26-D030-4FBE-BB77-0E27794A7BB6}.Release|Any CPU.Build.0 = Release|Any CPU
		{E930F247-6267-4AD0-9D19-B34F5F53635C}.Debug|Any CPU.ActiveCfg = Debug|Any CPU
		{E930F247-6267-4AD0-9D19-B34F5F53635C}.Debug|Any CPU.Build.0 = Debug|Any CPU
		{E930F247-6267-4AD0-9D19-B34F5F53635C}.Release|Any CPU.ActiveCfg = Release|Any CPU
		{E930F247-6267-4AD0-9D19-B34F5F53635C}.Release|Any CPU.Build.0 = Release|Any CPU
	EndGlobalSection
EndGlobal
